// !$*UTF8*$!
{
	archiveVersion = 1;
	classes = {
	};
	objectVersion = 46;
	objects = {

/* Begin PBXBuildFile section */
		2705736F1FD10057006A586D /* main.m in Sources */ = {isa = PBXBuildFile; fileRef = 2705736E1FD10057006A586D /* main.m */; };
		270573721FD10057006A586D /* AppDelegate.m in Sources */ = {isa = PBXBuildFile; fileRef = 270573711FD10057006A586D /* AppDelegate.m */; };
		270573751FD10057006A586D /* ViewController.m in Sources */ = {isa = PBXBuildFile; fileRef = 270573741FD10057006A586D /* ViewController.m */; };
		270573781FD10057006A586D /* Main.storyboard in Resources */ = {isa = PBXBuildFile; fileRef = 270573761FD10057006A586D /* Main.storyboard */; };
		2705737A1FD10057006A586D /* Assets.xcassets in Resources */ = {isa = PBXBuildFile; fileRef = 270573791FD10057006A586D /* Assets.xcassets */; };
		2705737D1FD10057006A586D /* LaunchScreen.storyboard in Resources */ = {isa = PBXBuildFile; fileRef = 2705737B1FD10057006A586D /* LaunchScreen.storyboard */; };
		270573881FD10057006A586D /* ScrollTableViewTests.m in Sources */ = {isa = PBXBuildFile; fileRef = 270573871FD10057006A586D /* ScrollTableViewTests.m */; };
		270573931FD10057006A586D /* ScrollTableViewUITests.m in Sources */ = {isa = PBXBuildFile; fileRef = 270573921FD10057006A586D /* ScrollTableViewUITests.m */; };
		27E429931FE9F9CB00FC2207 /* UIScrollView+SimultaneouslyGesture.m in Sources */ = {isa = PBXBuildFile; fileRef = 27E429921FE9F9CB00FC2207 /* UIScrollView+SimultaneouslyGesture.m */; };
/* End PBXBuildFile section */

/* Begin PBXContainerItemProxy section */
		270573841FD10057006A586D /* PBXContainerItemProxy */ = {
			isa = PBXContainerItemProxy;
			containerPortal = 270573621FD10057006A586D /* Project object */;
			proxyType = 1;
			remoteGlobalIDString = 270573691FD10057006A586D;
			remoteInfo = ScrollTableView;
		};
		2705738F1FD10057006A586D /* PBXContainerItemProxy */ = {
			isa = PBXContainerItemProxy;
			containerPortal = 270573621FD10057006A586D /* Project object */;
			proxyType = 1;
			remoteGlobalIDString = 270573691FD10057006A586D;
			remoteInfo = ScrollTableView;
		};
/* End PBXContainerItemProxy section */

/* Begin PBXFileReference section */
		2705736A1FD10057006A586D /* ScrollTableView.app */ = {isa = PBXFileReference; explicitFileType = wrapper.application; includeInIndex = 0; path = ScrollTableView.app; sourceTree = BUILT_PRODUCTS_DIR; };
		2705736E1FD10057006A586D /* main.m */ = {isa = PBXFileReference; lastKnownFileType = sourcecode.c.objc; path = main.m; sourceTree = "<group>"; };
		270573701FD10057006A586D /* AppDelegate.h */ = {isa = PBXFileReference; lastKnownFileType = sourcecode.c.h; path = AppDelegate.h; sourceTree = "<group>"; };
		270573711FD10057006A586D /* AppDelegate.m */ = {isa = PBXFileReference; lastKnownFileType = sourcecode.c.objc; path = AppDelegate.m; sourceTree = "<group>"; };
		270573731FD10057006A586D /* ViewController.h */ = {isa = PBXFileReference; lastKnownFileType = sourcecode.c.h; path = ViewController.h; sourceTree = "<group>"; };
		270573741FD10057006A586D /* ViewController.m */ = {isa = PBXFileReference; lastKnownFileType = sourcecode.c.objc; path = ViewController.m; sourceTree = "<group>"; };
		270573771FD10057006A586D /* Base */ = {isa = PBXFileReference; lastKnownFileType = file.storyboard; name = Base; path = Base.lproj/Main.storyboard; sourceTree = "<group>"; };
		270573791FD10057006A586D /* Assets.xcassets */ = {isa = PBXFileReference; lastKnownFileType = folder.assetcatalog; path = Assets.xcassets; sourceTree = "<group>"; };
		2705737C1FD10057006A586D /* Base */ = {isa = PBXFileReference; lastKnownFileType = file.storyboard; name = Base; path = Base.lproj/LaunchScreen.storyboard; sourceTree = "<group>"; };
		2705737E1FD10057006A586D /* Info.plist */ = {isa = PBXFileReference; lastKnownFileType = text.plist.xml; path = Info.plist; sourceTree = "<group>"; };
		270573831FD10057006A586D /* ScrollTableViewTests.xctest */ = {isa = PBXFileReference; explicitFileType = wrapper.cfbundle; includeInIndex = 0; path = ScrollTableViewTests.xctest; sourceTree = BUILT_PRODUCTS_DIR; };
		270573871FD10057006A586D /* ScrollTableViewTests.m */ = {isa = PBXFileReference; lastKnownFileType = sourcecode.c.objc; path = ScrollTableViewTests.m; sourceTree = "<group>"; };
		270573891FD10057006A586D /* Info.plist */ = {isa = PBXFileReference; lastKnownFileType = text.plist.xml; path = Info.plist; sourceTree = "<group>"; };
		2705738E1FD10057006A586D /* ScrollTableViewUITests.xctest */ = {isa = PBXFileReference; explicitFileType = wrapper.cfbundle; includeInIndex = 0; path = ScrollTableViewUITests.xctest; sourceTree = BUILT_PRODUCTS_DIR; };
		270573921FD10057006A586D /* ScrollTableViewUITests.m */ = {isa = PBXFileReference; lastKnownFileType = sourcecode.c.objc; path = ScrollTableViewUITests.m; sourceTree = "<group>"; };
		270573941FD10057006A586D /* Info.plist */ = {isa = PBXFileReference; lastKnownFileType = text.plist.xml; path = Info.plist; sourceTree = "<group>"; };
		27E429911FE9F9CB00FC2207 /* UIScrollView+SimultaneouslyGesture.h */ = {isa = PBXFileReference; fileEncoding = 4; lastKnownFileType = sourcecode.c.h; path = "UIScrollView+SimultaneouslyGesture.h"; sourceTree = "<group>"; };
		27E429921FE9F9CB00FC2207 /* UIScrollView+SimultaneouslyGesture.m */ = {isa = PBXFileReference; fileEncoding = 4; lastKnownFileType = sourcecode.c.objc; path = "UIScrollView+SimultaneouslyGesture.m"; sourceTree = "<group>"; };
/* End PBXFileReference section */

/* Begin PBXFrameworksBuildPhase section */
		270573671FD10057006A586D /* Frameworks */ = {
			isa = PBXFrameworksBuildPhase;
			buildActionMask = 2147483647;
			files = (
			);
			runOnlyForDeploymentPostprocessing = 0;
		};
		270573801FD10057006A586D /* Frameworks */ = {
			isa = PBXFrameworksBuildPhase;
			buildActionMask = 2147483647;
			files = (
			);
			runOnlyForDeploymentPostprocessing = 0;
		};
		2705738B1FD10057006A586D /* Frameworks */ = {
			isa = PBXFrameworksBuildPhase;
			buildActionMask = 2147483647;
			files = (
			);
			runOnlyForDeploymentPostprocessing = 0;
		};
/* End PBXFrameworksBuildPhase section */

/* Begin PBXGroup section */
		270573611FD10057006A586D = {
			isa = PBXGroup;
			children = (
				2705736C1FD10057006A586D /* ScrollTableView */,
				270573861FD10057006A586D /* ScrollTableViewTests */,
				270573911FD10057006A586D /* ScrollTableViewUITests */,
				2705736B1FD10057006A586D /* Products */,
			);
			sourceTree = "<group>";
		};
		2705736B1FD10057006A586D /* Products */ = {
			isa = PBXGroup;
			children = (
				2705736A1FD10057006A586D /* ScrollTableView.app */,
				270573831FD10057006A586D /* ScrollTableViewTests.xctest */,
				2705738E1FD10057006A586D /* ScrollTableViewUITests.xctest */,
			);
			name = Products;
			sourceTree = "<group>";
		};
		2705736C1FD10057006A586D /* ScrollTableView */ = {
			isa = PBXGroup;
			children = (
				27E429901FE9F9AF00FC2207 /* UIScrollView */,
				270573701FD10057006A586D /* AppDelegate.h */,
				270573711FD10057006A586D /* AppDelegate.m */,
				270573731FD10057006A586D /* ViewController.h */,
				270573741FD10057006A586D /* ViewController.m */,
				270573761FD10057006A586D /* Main.storyboard */,
				270573791FD10057006A586D /* Assets.xcassets */,
				2705737B1FD10057006A586D /* LaunchScreen.storyboard */,
				2705737E1FD10057006A586D /* Info.plist */,
				2705736D1FD10057006A586D /* Supporting Files */,
			);
			path = ScrollTableView;
			sourceTree = "<group>";
		};
		2705736D1FD10057006A586D /* Supporting Files */ = {
			isa = PBXGroup;
			children = (
				2705736E1FD10057006A586D /* main.m */,
			);
			name = "Supporting Files";
			sourceTree = "<group>";
		};
		270573861FD10057006A586D /* ScrollTableViewTests */ = {
			isa = PBXGroup;
			children = (
				270573871FD10057006A586D /* ScrollTableViewTests.m */,
				270573891FD10057006A586D /* Info.plist */,
			);
			path = ScrollTableViewTests;
			sourceTree = "<group>";
		};
		270573911FD10057006A586D /* ScrollTableViewUITests */ = {
			isa = PBXGroup;
			children = (
				270573921FD10057006A586D /* ScrollTableViewUITests.m */,
				270573941FD10057006A586D /* Info.plist */,
			);
			path = ScrollTableViewUITests;
			sourceTree = "<group>";
		};
		27E429901FE9F9AF00FC2207 /* UIScrollView */ = {
			isa = PBXGroup;
			children = (
				27E429911FE9F9CB00FC2207 /* UIScrollView+SimultaneouslyGesture.h */,
				27E429921FE9F9CB00FC2207 /* UIScrollView+SimultaneouslyGesture.m */,
			);
			name = UIScrollView;
			sourceTree = "<group>";
		};
/* End PBXGroup section */

/* Begin PBXNativeTarget section */
		270573691FD10057006A586D /* ScrollTableView */ = {
			isa = PBXNativeTarget;
			buildConfigurationList = 270573971FD10057006A586D /* Build configuration list for PBXNativeTarget "ScrollTableView" */;
			buildPhases = (
				270573661FD10057006A586D /* Sources */,
				270573671FD10057006A586D /* Frameworks */,
				270573681FD10057006A586D /* Resources */,
			);
			buildRules = (
			);
			dependencies = (
			);
			name = ScrollTableView;
			productName = ScrollTableView;
			productReference = 2705736A1FD10057006A586D /* ScrollTableView.app */;
			productType = "com.apple.product-type.application";
		};
		270573821FD10057006A586D /* ScrollTableViewTests */ = {
			isa = PBXNativeTarget;
			buildConfigurationList = 2705739A1FD10057006A586D /* Build configuration list for PBXNativeTarget "ScrollTableViewTests" */;
			buildPhases = (
				2705737F1FD10057006A586D /* Sources */,
				270573801FD10057006A586D /* Frameworks */,
				270573811FD10057006A586D /* Resources */,
			);
			buildRules = (
			);
			dependencies = (
				270573851FD10057006A586D /* PBXTargetDependency */,
			);
			name = ScrollTableViewTests;
			productName = ScrollTableViewTests;
			productReference = 270573831FD10057006A586D /* ScrollTableViewTests.xctest */;
			productType = "com.apple.product-type.bundle.unit-test";
		};
		2705738D1FD10057006A586D /* ScrollTableViewUITests */ = {
			isa = PBXNativeTarget;
			buildConfigurationList = 2705739D1FD10057006A586D /* Build configuration list for PBXNativeTarget "ScrollTableViewUITests" */;
			buildPhases = (
				2705738A1FD10057006A586D /* Sources */,
				2705738B1FD10057006A586D /* Frameworks */,
				2705738C1FD10057006A586D /* Resources */,
			);
			buildRules = (
			);
			dependencies = (
				270573901FD10057006A586D /* PBXTargetDependency */,
			);
			name = ScrollTableViewUITests;
			productName = ScrollTableViewUITests;
			productReference = 2705738E1FD10057006A586D /* ScrollTableViewUITests.xctest */;
			productType = "com.apple.product-type.bundle.ui-testing";
		};
/* End PBXNativeTarget section */

/* Begin PBXProject section */
		270573621FD10057006A586D /* Project object */ = {
			isa = PBXProject;
			attributes = {
				LastUpgradeCheck = 0820;
				ORGANIZATIONNAME = lch;
				TargetAttributes = {
					270573691FD10057006A586D = {
						CreatedOnToolsVersion = 8.2;
						DevelopmentTeam = 9V4UZHM6XX;
						ProvisioningStyle = Automatic;
					};
					270573821FD10057006A586D = {
						CreatedOnToolsVersion = 8.2;
						ProvisioningStyle = Automatic;
						TestTargetID = 270573691FD10057006A586D;
					};
					2705738D1FD10057006A586D = {
						CreatedOnToolsVersion = 8.2;
						ProvisioningStyle = Automatic;
						TestTargetID = 270573691FD10057006A586D;
					};
				};
			};
			buildConfigurationList = 270573651FD10057006A586D /* Build configuration list for PBXProject "ScrollTableView" */;
			compatibilityVersion = "Xcode 3.2";
			developmentRegion = English;
			hasScannedForEncodings = 0;
			knownRegions = (
				en,
				Base,
			);
			mainGroup = 270573611FD10057006A586D;
			productRefGroup = 2705736B1FD10057006A586D /* Products */;
			projectDirPath = "";
			projectRoot = "";
			targets = (
				270573691FD10057006A586D /* ScrollTableView */,
				270573821FD10057006A586D /* ScrollTableViewTests */,
				2705738D1FD10057006A586D /* ScrollTableViewUITests */,
			);
		};
/* End PBXProject section */

/* Begin PBXResourcesBuildPhase section */
		270573681FD10057006A586D /* Resources */ = {
			isa = PBXResourcesBuildPhase;
			buildActionMask = 2147483647;
			files = (
				2705737D1FD10057006A586D /* LaunchScreen.storyboard in Resources */,
				2705737A1FD10057006A586D /* Assets.xcassets in Resources */,
				270573781FD10057006A586D /* Main.storyboard in Resources */,
			);
			runOnlyForDeploymentPostprocessing = 0;
		};
		270573811FD10057006A586D /* Resources */ = {
			isa = PBXResourcesBuildPhase;
			buildActionMask = 2147483647;
			files = (
			);
			runOnlyForDeploymentPostprocessing = 0;
		};
		2705738C1FD10057006A586D /* Resources */ = {
			isa = PBXResourcesBuildPhase;
			buildActionMask = 2147483647;
			files = (
			);
			runOnlyForDeploymentPostprocessing = 0;
		};
/* End PBXResourcesBuildPhase section */

/* Begin PBXSourcesBuildPhase section */
		270573661FD10057006A586D /* Sources */ = {
			isa = PBXSourcesBuildPhase;
			buildActionMask = 2147483647;
			files = (
				270573751FD10057006A586D /* ViewController.m in Sources */,
				270573721FD10057006A586D /* AppDelegate.m in Sources */,
				2705736F1FD10057006A586D /* main.m in Sources */,
				27E429931FE9F9CB00FC2207 /* UIScrollView+SimultaneouslyGesture.m in Sources */,
			);
			runOnlyForDeploymentPostprocessing = 0;
		};
		2705737F1FD10057006A586D /* Sources */ = {
			isa = PBXSourcesBuildPhase;
			buildActionMask = 2147483647;
			files = (
				270573881FD10057006A586D /* ScrollTableViewTests.m in Sources */,
			);
			runOnlyForDeploymentPostprocessing = 0;
		};
		2705738A1FD10057006A586D /* Sources */ = {
			isa = PBXSourcesBuildPhase;
			buildActionMask = 2147483647;
			files = (
				270573931FD10057006A586D /* ScrollTableViewUITests.m in Sources */,
			);
			runOnlyForDeploymentPostprocessing = 0;
		};
/* End PBXSourcesBuildPhase section */

/* Begin PBXTargetDependency section */
		270573851FD10057006A586D /* PBXTargetDependency */ = {
			isa = PBXTargetDependency;
			target = 270573691FD10057006A586D /* ScrollTableView */;
			targetProxy = 270573841FD10057006A586D /* PBXContainerItemProxy */;
		};
		270573901FD10057006A586D /* PBXTargetDependency */ = {
			isa = PBXTargetDependency;
			target = 270573691FD10057006A586D /* ScrollTableView */;
			targetProxy = 2705738F1FD10057006A586D /* PBXContainerItemProxy */;
		};
/* End PBXTargetDependency section */

/* Begin PBXVariantGroup section */
		270573761FD10057006A586D /* Main.storyboard */ = {
			isa = PBXVariantGroup;
			children = (
				270573771FD10057006A586D /* Base */,
			);
			name = Main.storyboard;
			sourceTree = "<group>";
		};
		2705737B1FD10057006A586D /* LaunchScreen.storyboard */ = {
			isa = PBXVariantGroup;
			children = (
				2705737C1FD10057006A586D /* Base */,
			);
			name = LaunchScreen.storyboard;
			sourceTree = "<group>";
		};
/* End PBXVariantGroup section */

/* Begin XCBuildConfiguration section */
		270573951FD10057006A586D /* Debug */ = {
			isa = XCBuildConfiguration;
			buildSettings = {
				ALWAYS_SEARCH_USER_PATHS = NO;
				CLANG_ANALYZER_NONNULL = YES;
				CLANG_CXX_LANGUAGE_STANDARD = "gnu++0x";
				CLANG_CXX_LIBRARY = "libc++";
				CLANG_ENABLE_MODULES = YES;
				CLANG_ENABLE_OBJC_ARC = YES;
				CLANG_WARN_BOOL_CONVERSION = YES;
				CLANG_WARN_CONSTANT_CONVERSION = YES;
				CLANG_WARN_DIRECT_OBJC_ISA_USAGE = YES_ERROR;
				CLANG_WARN_DOCUMENTATION_COMMENTS = YES;
				CLANG_WARN_EMPTY_BODY = YES;
				CLANG_WARN_ENUM_CONVERSION = YES;
				CLANG_WARN_INFINITE_RECURSION = YES;
				CLANG_WARN_INT_CONVERSION = YES;
				CLANG_WARN_OBJC_ROOT_CLASS = YES_ERROR;
				CLANG_WARN_SUSPICIOUS_MOVE = YES;
				CLANG_WARN_UNREACHABLE_CODE = YES;
				CLANG_WARN__DUPLICATE_METHOD_MATCH = YES;
				"CODE_SIGN_IDENTITY[sdk=iphoneos*]" = "iPhone Developer";
				COPY_PHASE_STRIP = NO;
				DEBUG_INFORMATION_FORMAT = dwarf;
				ENABLE_STRICT_OBJC_MSGSEND = YES;
				ENABLE_TESTABILITY = YES;
				GCC_C_LANGUAGE_STANDARD = gnu99;
				GCC_DYNAMIC_NO_PIC = NO;
				GCC_NO_COMMON_BLOCKS = YES;
				GCC_OPTIMIZATION_LEVEL = 0;
				GCC_PREPROCESSOR_DEFINITIONS = (
					"DEBUG=1",
					"$(inherited)",
				);
				GCC_WARN_64_TO_32_BIT_CONVERSION = YES;
				GCC_WARN_ABOUT_RETURN_TYPE = YES_ERROR;
				GCC_WARN_UNDECLARED_SELECTOR = YES;
				GCC_WARN_UNINITIALIZED_AUTOS = YES_AGGRESSIVE;
				GCC_WARN_UNUSED_FUNCTION = YES;
				GCC_WARN_UNUSED_VARIABLE = YES;
				IPHONEOS_DEPLOYMENT_TARGET = 10.2;
				MTL_ENABLE_DEBUG_INFO = YES;
				ONLY_ACTIVE_ARCH = YES;
				SDKROOT = iphoneos;
			};
			name = Debug;
		};
		270573961FD10057006A586D /* Release */ = {
			isa = XCBuildConfiguration;
			buildSettings = {
				ALWAYS_SEARCH_USER_PATHS = NO;
				CLANG_ANALYZER_NONNULL = YES;
				CLANG_CXX_LANGUAGE_STANDARD = "gnu++0x";
				CLANG_CXX_LIBRARY = "libc++";
				CLANG_ENABLE_MODULES = YES;
				CLANG_ENABLE_OBJC_ARC = YES;
				CLANG_WARN_BOOL_CONVERSION = YES;
				CLANG_WARN_CONSTANT_CONVERSION = YES;
				CLANG_WARN_DIRECT_OBJC_ISA_USAGE = YES_ERROR;
				CLANG_WARN_DOCUMENTATION_COMMENTS = YES;
				CLANG_WARN_EMPTY_BODY = YES;
				CLANG_WARN_ENUM_CONVERSION = YES;
				CLANG_WARN_INFINITE_RECURSION = YES;
				CLANG_WARN_INT_CONVERSION = YES;
				CLANG_WARN_OBJC_ROOT_CLASS = YES_ERROR;
				CLANG_WARN_SUSPICIOUS_MOVE = YES;
				CLANG_WARN_UNREACHABLE_CODE = YES;
				CLANG_WARN__DUPLICATE_METHOD_MATCH = YES;
				"CODE_SIGN_IDENTITY[sdk=iphoneos*]" = "iPhone Developer";
				COPY_PHASE_STRIP = NO;
				DEBUG_INFORMATION_FORMAT = "dwarf-with-dsym";
				ENABLE_NS_ASSERTIONS = NO;
				ENABLE_STRICT_OBJC_MSGSEND = YES;
				GCC_C_LANGUAGE_STANDARD = gnu99;
				GCC_NO_COMMON_BLOCKS = YES;
				GCC_WARN_64_TO_32_BIT_CONVERSION = YES;
				GCC_WARN_ABOUT_RETURN_TYPE = YES_ERROR;
				GCC_WARN_UNDECLARED_SELECTOR = YES;
				GCC_WARN_UNINITIALIZED_AUTOS = YES_AGGRESSIVE;
				GCC_WARN_UNUSED_FUNCTION = YES;
				GCC_WARN_UNUSED_VARIABLE = YES;
				IPHONEOS_DEPLOYMENT_TARGET = 10.2;
				MTL_ENABLE_DEBUG_INFO = NO;
				SDKROOT = iphoneos;
				VALIDATE_PRODUCT = YES;
			};
			name = Release;
		};
		270573981FD10057006A586D /* Debug */ = {
			isa = XCBuildConfiguration;
			buildSettings = {
				ASSETCATALOG_COMPILER_APPICON_NAME = AppIcon;
				DEVELOPMENT_TEAM = 9V4UZHM6XX;
				INFOPLIST_FILE = ScrollTableView/Info.plist;
				LD_RUNPATH_SEARCH_PATHS = "$(inherited) @executable_path/Frameworks";
				PRODUCT_BUNDLE_IDENTIFIER = ObjectClassDemo.lch.com.ScrollTableView;
				PRODUCT_NAME = "$(TARGET_NAME)";
			};
			name = Debug;
		};
		270573991FD10057006A586D /* Release */ = {
			isa = XCBuildConfiguration;
			buildSettings = {
				ASSETCATALOG_COMPILER_APPICON_NAME = AppIcon;
				DEVELOPMENT_TEAM = 9V4UZHM6XX;
				INFOPLIST_FILE = ScrollTableView/Info.plist;
				LD_RUNPATH_SEARCH_PATHS = "$(inherited) @executable_path/Frameworks";
				PRODUCT_BUNDLE_IDENTIFIER = ObjectClassDemo.lch.com.ScrollTableView;
				PRODUCT_NAME = "$(TARGET_NAME)";
			};
			name = Release;
		};
		2705739B1FD10057006A586D /* Debug */ = {
			isa = XCBuildConfiguration;
			buildSettings = {
				BUNDLE_LOADER = "$(TEST_HOST)";
				INFOPLIST_FILE = ScrollTableViewTests/Info.plist;
				LD_RUNPATH_SEARCH_PATHS = "$(inherited) @executable_path/Frameworks @loader_path/Frameworks";
				PRODUCT_BUNDLE_IDENTIFIER = ObjectClassDemo.lch.com.ScrollTableViewTests;
				PRODUCT_NAME = "$(TARGET_NAME)";
				TEST_HOST = "$(BUILT_PRODUCTS_DIR)/ScrollTableView.app/ScrollTableView";
			};
			name = Debug;
		};
		2705739C1FD10057006A586D /* Release */ = {
			isa = XCBuildConfiguration;
			buildSettings = {
				BUNDLE_LOADER = "$(TEST_HOST)";
				INFOPLIST_FILE = ScrollTableViewTests/Info.plist;
				LD_RUNPATH_SEARCH_PATHS = "$(inherited) @executable_path/Frameworks @loader_path/Frameworks";
				PRODUCT_BUNDLE_IDENTIFIER = ObjectClassDemo.lch.com.ScrollTableViewTests;
				PRODUCT_NAME = "$(TARGET_NAME)";
				TEST_HOST = "$(BUILT_PRODUCTS_DIR)/ScrollTableView.app/ScrollTableView";
			};
			name = Release;
		};
		2705739E1FD10057006A586D /* Debug */ = {
			isa = XCBuildConfiguration;
			buildSettings = {
				INFOPLIST_FILE = ScrollTableViewUITests/Info.plist;
				LD_RUNPATH_SEARCH_PATHS = "$(inherited) @executable_path/Frameworks @loader_path/Frameworks";
				PRODUCT_BUNDLE_IDENTIFIER = ObjectClassDemo.lch.com.ScrollTableViewUITests;
				PRODUCT_NAME = "$(TARGET_NAME)";
				TEST_TARGET_NAME = ScrollTableView;
			};
			name = Debug;
		};
		2705739F1FD10057006A586D /* Release */ = {
			isa = XCBuildConfiguration;
			buildSettings = {
				INFOPLIST_FILE = ScrollTableViewUITests/Info.plist;
				LD_RUNPATH_SEARCH_PATHS = "$(inherited) @executable_path/Frameworks @loader_path/Frameworks";
				PRODUCT_BUNDLE_IDENTIFIER = ObjectClassDemo.lch.com.ScrollTableViewUITests;
				PRODUCT_NAME = "$(TARGET_NAME)";
				TEST_TARGET_NAME = ScrollTableView;
			};
			name = Release;
		};
/* End XCBuildConfiguration section */

/* Begin XCConfigurationList section */
		270573651FD10057006A586D /* Build configuration list for PBXProject "ScrollTableView" */ = {
			isa = XCConfigurationList;
			buildConfigurations = (
				270573951FD10057006A586D /* Debug */,
				270573961FD10057006A586D /* Release */,
			);
			defaultConfigurationIsVisible = 0;
			defaultConfigurationName = Release;
		};
		270573971FD10057006A586D /* Build configuration list for PBXNativeTarget "ScrollTableView" */ = {
			isa = XCConfigurationList;
			buildConfigurations = (
				270573981FD10057006A586D /* Debug */,
				270573991FD10057006A586D /* Release */,
			);
			defaultConfigurationIsVisible = 0;
			defaultConfigurationName = Release;
		};
		2705739A1FD10057006A586D /* Build configuration list for PBXNativeTarget "ScrollTableViewTests" */ = {
			isa = XCConfigurationList;
			buildConfigurations = (
				2705739B1FD10057006A586D /* Debug */,
				2705739C1FD10057006A586D /* Release */,
			);
			defaultConfigurationIsVisible = 0;
			defaultConfigurationName = Release;
		};
		2705739D1FD10057006A586D /* Build configuration list for PBXNativeTarget "ScrollTableViewUITests" */ = {
			isa = XCConfigurationList;
			buildConfigurations = (
				2705739E1FD10057006A586D /* Debug */,
				2705739F1FD10057006A586D /* Release */,
			);
			defaultConfigurationIsVisible = 0;
			defaultConfigurationName = Release;
		};
/* End XCConfigurationList section */
	};
	rootObject = 270573621FD10057006A586D /* Project object */;
}
